
Microsoft Visual Studio Solution File, Format Version 12.00
# Visual Studio Version 17
VisualStudioVersion = 17.3.32804.467
MinimumVisualStudioVersion = 10.0.40219.1
Project("{FAE04EC0-301F-11D3-BF4B-00C04F79EFBC}") = "Fødselsdagen", "Fødselsdagen\Fødselsdagen.csproj", "{94E60AF1-AC92-4B99-B2D1-F52CC6171EF7}"
EndProject
Global
	GlobalSection(SolutionConfigurationPlatforms) = preSolution
		Debug|Any CPU = Debug|Any CPU
		Release|Any CPU = Release|Any CPU
	EndGlobalSection
	GlobalSection(ProjectConfigurationPlatforms) = postSolution
		{94E60AF1-AC92-4B99-B2D1-F52CC6171EF7}.Debug|Any CPU.ActiveCfg = Debug|Any CPU
		{94E60AF1-AC92-4B99-B2D1-F52CC6171EF7}.Debug|Any CPU.Build.0 = Debug|Any CPU
		{94E60AF1-AC92-4B99-B2D1-F52CC6171EF7}.Release|Any CPU.ActiveCfg = Release|Any CPU
		{94E60AF1-AC92-4B99-B2D1-F52CC6171EF7}.Release|Any CPU.Build.0 = Release|Any CPU
	EndGlobalSection
	GlobalSection(SolutionProperties) = preSolution
		HideSolutionNode = FALSE
	EndGlobalSection
	GlobalSection(ExtensibilityGlobals) = postSolution
		SolutionGuid = {8B089597-2476-4C6D-A17A-1D3D57BE04AD}
	EndGlobalSection
EndGlobal
