
Microsoft Visual Studio Solution File, Format Version 12.00
# Visual Studio Version 17
VisualStudioVersion = 17.3.32804.467
MinimumVisualStudioVersion = 10.0.40219.1
Project("{FAE04EC0-301F-11D3-BF4B-00C04F79EFBC}") = "Rumfanget", "Rumfanget\Rumfanget.csproj", "{B517A897-9996-48F4-BC1A-514AF25C8AB8}"
EndProject
Global
	GlobalSection(SolutionConfigurationPlatforms) = preSolution
		Debug|Any CPU = Debug|Any CPU
		Release|Any CPU = Release|Any CPU
	EndGlobalSection
	GlobalSection(ProjectConfigurationPlatforms) = postSolution
		{B517A897-9996-48F4-BC1A-514AF25C8AB8}.Debug|Any CPU.ActiveCfg = Debug|Any CPU
		{B517A897-9996-48F4-BC1A-514AF25C8AB8}.Debug|Any CPU.Build.0 = Debug|Any CPU
		{B517A897-9996-48F4-BC1A-514AF25C8AB8}.Release|Any CPU.ActiveCfg = Release|Any CPU
		{B517A897-9996-48F4-BC1A-514AF25C8AB8}.Release|Any CPU.Build.0 = Release|Any CPU
	EndGlobalSection
	GlobalSection(SolutionProperties) = preSolution
		HideSolutionNode = FALSE
	EndGlobalSection
	GlobalSection(ExtensibilityGlobals) = postSolution
		SolutionGuid = {792F51ED-E748-44E8-91D7-2A503C371DFE}
	EndGlobalSection
EndGlobal
