
Microsoft Visual Studio Solution File, Format Version 12.00
# Visual Studio Version 17
VisualStudioVersion = 17.5.33424.131
MinimumVisualStudioVersion = 10.0.40219.1
Project("{FAE04EC0-301F-11D3-BF4B-00C04F79EFBC}") = "Stars and stripes V2", "Stars and stripes V2\Stars and stripes V2.csproj", "{7FCB6069-8329-4179-8500-973B35CA3E14}"
EndProject
Global
	GlobalSection(SolutionConfigurationPlatforms) = preSolution
		Debug|Any CPU = Debug|Any CPU
		Release|Any CPU = Release|Any CPU
	EndGlobalSection
	GlobalSection(ProjectConfigurationPlatforms) = postSolution
		{7FCB6069-8329-4179-8500-973B35CA3E14}.Debug|Any CPU.ActiveCfg = Debug|Any CPU
		{7FCB6069-8329-4179-8500-973B35CA3E14}.Debug|Any CPU.Build.0 = Debug|Any CPU
		{7FCB6069-8329-4179-8500-973B35CA3E14}.Release|Any CPU.ActiveCfg = Release|Any CPU
		{7FCB6069-8329-4179-8500-973B35CA3E14}.Release|Any CPU.Build.0 = Release|Any CPU
	EndGlobalSection
	GlobalSection(SolutionProperties) = preSolution
		HideSolutionNode = FALSE
	EndGlobalSection
	GlobalSection(ExtensibilityGlobals) = postSolution
		SolutionGuid = {18A00D10-ACF6-4022-8CA6-A6F584D7EF83}
	EndGlobalSection
EndGlobal
